// !$*UTF8*$!
{
	archiveVersion = 1;
	classes = {
	};
	objectVersion = 50;
	objects = {

/* Begin PBXBuildFile section */
		E482C69B24A16FC7000213D2 /* AppDelegate.swift in Sources */ = {isa = PBXBuildFile; fileRef = E482C69A24A16FC7000213D2 /* AppDelegate.swift */; };
		E482C69D24A16FC7000213D2 /* SceneDelegate.swift in Sources */ = {isa = PBXBuildFile; fileRef = E482C69C24A16FC7000213D2 /* SceneDelegate.swift */; };
		E482C69F24A16FC7000213D2 /* ContentView.swift in Sources */ = {isa = PBXBuildFile; fileRef = E482C69E24A16FC7000213D2 /* ContentView.swift */; };
		E482C6A124A16FCD000213D2 /* Assets.xcassets in Resources */ = {isa = PBXBuildFile; fileRef = E482C6A024A16FCD000213D2 /* Assets.xcassets */; };
		E482C6A424A16FCD000213D2 /* Preview Assets.xcassets in Resources */ = {isa = PBXBuildFile; fileRef = E482C6A324A16FCD000213D2 /* Preview Assets.xcassets */; };
		E482C6A724A16FCD000213D2 /* LaunchScreen.storyboard in Resources */ = {isa = PBXBuildFile; fileRef = E482C6A524A16FCD000213D2 /* LaunchScreen.storyboard */; };
		E4AEC2B624A3CD90003E2B0E /* MapView.swift in Sources */ = {isa = PBXBuildFile; fileRef = E4AEC2B524A3CD90003E2B0E /* MapView.swift */; };
/* End PBXBuildFile section */

/* Begin PBXFileReference section */
		E482C69724A16FC7000213D2 /* AlpacaBarberShop.app */ = {isa = PBXFileReference; explicitFileType = wrapper.application; includeInIndex = 0; path = AlpacaBarberShop.app; sourceTree = BUILT_PRODUCTS_DIR; };
		E482C69A24A16FC7000213D2 /* AppDelegate.swift */ = {isa = PBXFileReference; lastKnownFileType = sourcecode.swift; path = AppDelegate.swift; sourceTree = "<group>"; };
		E482C69C24A16FC7000213D2 /* SceneDelegate.swift */ = {isa = PBXFileReference; lastKnownFileType = sourcecode.swift; path = SceneDelegate.swift; sourceTree = "<group>"; };
		E482C69E24A16FC7000213D2 /* ContentView.swift */ = {isa = PBXFileReference; lastKnownFileType = sourcecode.swift; path = ContentView.swift; sourceTree = "<group>"; };
		E482C6A024A16FCD000213D2 /* Assets.xcassets */ = {isa = PBXFileReference; lastKnownFileType = folder.assetcatalog; path = Assets.xcassets; sourceTree = "<group>"; };
		E482C6A324A16FCD000213D2 /* Preview Assets.xcassets */ = {isa = PBXFileReference; lastKnownFileType = folder.assetcatalog; path = "Preview Assets.xcassets"; sourceTree = "<group>"; };
		E482C6A624A16FCD000213D2 /* Base */ = {isa = PBXFileReference; lastKnownFileType = file.storyboard; name = Base; path = Base.lproj/LaunchScreen.storyboard; sourceTree = "<group>"; };
		E482C6A824A16FCD000213D2 /* Info.plist */ = {isa = PBXFileReference; lastKnownFileType = text.plist.xml; path = Info.plist; sourceTree = "<group>"; };
		E4AEC2B524A3CD90003E2B0E /* MapView.swift */ = {isa = PBXFileReference; lastKnownFileType = sourcecode.swift; path = MapView.swift; sourceTree = "<group>"; };
/* End PBXFileReference section */

/* Begin PBXFrameworksBuildPhase section */
		E482C69424A16FC7000213D2 /* Frameworks */ = {
			isa = PBXFrameworksBuildPhase;
			buildActionMask = 2147483647;
			files = (
			);
			runOnlyForDeploymentPostprocessing = 0;
		};
/* End PBXFrameworksBuildPhase section */

/* Begin PBXGroup section */
		E482C68E24A16FC6000213D2 = {
			isa = PBXGroup;
			children = (
				E482C69924A16FC7000213D2 /* AlpacaBarberShop */,
				E482C69824A16FC7000213D2 /* Products */,
			);
			sourceTree = "<group>";
		};
		E482C69824A16FC7000213D2 /* Products */ = {
			isa = PBXGroup;
			children = (
				E482C69724A16FC7000213D2 /* AlpacaBarberShop.app */,
			);
			name = Products;
			sourceTree = "<group>";
		};
		E482C69924A16FC7000213D2 /* AlpacaBarberShop */ = {
			isa = PBXGroup;
			children = (
				E4AEC2B524A3CD90003E2B0E /* MapView.swift */,
				E482C69A24A16FC7000213D2 /* AppDelegate.swift */,
				E482C69C24A16FC7000213D2 /* SceneDelegate.swift */,
				E482C69E24A16FC7000213D2 /* ContentView.swift */,
				E482C6A024A16FCD000213D2 /* Assets.xcassets */,
				E482C6A524A16FCD000213D2 /* LaunchScreen.storyboard */,
				E482C6A824A16FCD000213D2 /* Info.plist */,
				E482C6A224A16FCD000213D2 /* Preview Content */,
			);
			path = AlpacaBarberShop;
			sourceTree = "<group>";
		};
		E482C6A224A16FCD000213D2 /* Preview Content */ = {
			isa = PBXGroup;
			children = (
				E482C6A324A16FCD000213D2 /* Preview Assets.xcassets */,
			);
			path = "Preview Content";
			sourceTree = "<group>";
		};
/* End PBXGroup section */

/* Begin PBXNativeTarget section */
		E482C69624A16FC7000213D2 /* AlpacaBarberShop */ = {
			isa = PBXNativeTarget;
			buildConfigurationList = E482C6AB24A16FCD000213D2 /* Build configuration list for PBXNativeTarget "AlpacaBarberShop" */;
			buildPhases = (
				E482C69324A16FC7000213D2 /* Sources */,
				E482C69424A16FC7000213D2 /* Frameworks */,
				E482C69524A16FC7000213D2 /* Resources */,
			);
			buildRules = (
			);
			dependencies = (
			);
			name = AlpacaBarberShop;
			productName = AlpacaBarberShop;
			productReference = E482C69724A16FC7000213D2 /* AlpacaBarberShop.app */;
			productType = "com.apple.product-type.application";
		};
/* End PBXNativeTarget section */

/* Begin PBXProject section */
		E482C68F24A16FC6000213D2 /* Project object */ = {
			isa = PBXProject;
			attributes = {
				LastSwiftUpdateCheck = 1150;
				LastUpgradeCheck = 1150;
				ORGANIZATIONNAME = "Elena Rybina";
				TargetAttributes = {
					E482C69624A16FC7000213D2 = {
						CreatedOnToolsVersion = 11.5;
					};
				};
			};
			buildConfigurationList = E482C69224A16FC7000213D2 /* Build configuration list for PBXProject "AlpacaBarberShop" */;
			compatibilityVersion = "Xcode 9.3";
			developmentRegion = en;
			hasScannedForEncodings = 0;
			knownRegions = (
				en,
				Base,
			);
			mainGroup = E482C68E24A16FC6000213D2;
			productRefGroup = E482C69824A16FC7000213D2 /* Products */;
			projectDirPath = "";
			projectRoot = "";
			targets = (
				E482C69624A16FC7000213D2 /* AlpacaBarberShop */,
			);
		};
/* End PBXProject section */

/* Begin PBXResourcesBuildPhase section */
		E482C69524A16FC7000213D2 /* Resources */ = {
			isa = PBXResourcesBuildPhase;
			buildActionMask = 2147483647;
			files = (
				E482C6A724A16FCD000213D2 /* LaunchScreen.storyboard in Resources */,
				E482C6A424A16FCD000213D2 /* Preview Assets.xcassets in Resources */,
				E482C6A124A16FCD000213D2 /* Assets.xcassets in Resources */,
			);
			runOnlyForDeploymentPostprocessing = 0;
		};
/* End PBXResourcesBuildPhase section */

/* Begin PBXSourcesBuildPhase section */
		E482C69324A16FC7000213D2 /* Sources */ = {
			isa = PBXSourcesBuildPhase;
			buildActionMask = 2147483647;
			files = (
				E482C69B24A16FC7000213D2 /* AppDelegate.swift in Sources */,
				E4AEC2B624A3CD90003E2B0E /* MapView.swift in Sources */,
				E482C69D24A16FC7000213D2 /* SceneDelegate.swift in Sources */,
				E482C69F24A16FC7000213D2 /* ContentView.swift in Sources */,
			);
			runOnlyForDeploymentPostprocessing = 0;
		};
/* End PBXSourcesBuildPhase section */

/* Begin PBXVariantGroup section */
		E482C6A524A16FCD000213D2 /* LaunchScreen.storyboard */ = {
			isa = PBXVariantGroup;
			children = (
				E482C6A624A16FCD000213D2 /* Base */,
			);
			name = LaunchScreen.storyboard;
			sourceTree = "<group>";
		};
/* End PBXVariantGroup section */

/* Begin XCBuildConfiguration section */
		E482C6A924A16FCD000213D2 /* Debug */ = {
			isa = XCBuildConfiguration;
			buildSettings = {
				ALWAYS_SEARCH_USER_PATHS = NO;
				CLANG_ANALYZER_NONNULL = YES;
				CLANG_ANALYZER_NUMBER_OBJECT_CONVERSION = YES_AGGRESSIVE;
				CLANG_CXX_LANGUAGE_STANDARD = "gnu++14";
				CLANG_CXX_LIBRARY = "libc++";
				CLANG_ENABLE_MODULES = YES;
				CLANG_ENABLE_OBJC_ARC = YES;
				CLANG_ENABLE_OBJC_WEAK = YES;
				CLANG_WARN_BLOCK_CAPTURE_AUTORELEASING = YES;
				CLANG_WARN_BOOL_CONVERSION = YES;
				CLANG_WARN_COMMA = YES;
				CLANG_WARN_CONSTANT_CONVERSION = YES;
				CLANG_WARN_DEPRECATED_OBJC_IMPLEMENTATIONS = YES;
				CLANG_WARN_DIRECT_OBJC_ISA_USAGE = YES_ERROR;
				CLANG_WARN_DOCUMENTATION_COMMENTS = YES;
				CLANG_WARN_EMPTY_BODY = YES;
				CLANG_WARN_ENUM_CONVERSION = YES;
				CLANG_WARN_INFINITE_RECURSION = YES;
				CLANG_WARN_INT_CONVERSION = YES;
				CLANG_WARN_NON_LITERAL_NULL_CONVERSION = YES;
				CLANG_WARN_OBJC_IMPLICIT_RETAIN_SELF = YES;
				CLANG_WARN_OBJC_LITERAL_CONVERSION = YES;
				CLANG_WARN_OBJC_ROOT_CLASS = YES_ERROR;
				CLANG_WARN_RANGE_LOOP_ANALYSIS = YES;
				CLANG_WARN_STRICT_PROTOTYPES = YES;
				CLANG_WARN_SUSPICIOUS_MOVE = YES;
				CLANG_WARN_UNGUARDED_AVAILABILITY = YES_AGGRESSIVE;
				CLANG_WARN_UNREACHABLE_CODE = YES;
				CLANG_WARN__DUPLICATE_METHOD_MATCH = YES;
				COPY_PHASE_STRIP = NO;
				DEBUG_INFORMATION_FORMAT = dwarf;
				ENABLE_STRICT_OBJC_MSGSEND = YES;
				ENABLE_TESTABILITY = YES;
				GCC_C_LANGUAGE_STANDARD = gnu11;
				GCC_DYNAMIC_NO_PIC = NO;
				GCC_NO_COMMON_BLOCKS = YES;
				GCC_OPTIMIZATION_LEVEL = 0;
				GCC_PREPROCESSOR_DEFINITIONS = (
					"DEBUG=1",
					"$(inherited)",
				);
				GCC_WARN_64_TO_32_BIT_CONVERSION = YES;
				GCC_WARN_ABOUT_RETURN_TYPE = YES_ERROR;
				GCC_WARN_UNDECLARED_SELECTOR = YES;
				GCC_WARN_UNINITIALIZED_AUTOS = YES_AGGRESSIVE;
				GCC_WARN_UNUSED_FUNCTION = YES;
				GCC_WARN_UNUSED_VARIABLE = YES;
				IPHONEOS_DEPLOYMENT_TARGET = 13.5;
				MTL_ENABLE_DEBUG_INFO = INCLUDE_SOURCE;
				MTL_FAST_MATH = YES;
				ONLY_ACTIVE_ARCH = YES;
				SDKROOT = iphoneos;
				SWIFT_ACTIVE_COMPILATION_CONDITIONS = DEBUG;
				SWIFT_OPTIMIZATION_LEVEL = "-Onone";
			};
			name = Debug;
		};
		E482C6AA24A16FCD000213D2 /* Release */ = {
			isa = XCBuildConfiguration;
			buildSettings = {
				ALWAYS_SEARCH_USER_PATHS = NO;
				CLANG_ANALYZER_NONNULL = YES;
				CLANG_ANALYZER_NUMBER_OBJECT_CONVERSION = YES_AGGRESSIVE;
				CLANG_CXX_LANGUAGE_STANDARD = "gnu++14";
				CLANG_CXX_LIBRARY = "libc++";
				CLANG_ENABLE_MODULES = YES;
				CLANG_ENABLE_OBJC_ARC = YES;
				CLANG_ENABLE_OBJC_WEAK = YES;
				CLANG_WARN_BLOCK_CAPTURE_AUTORELEASING = YES;
				CLANG_WARN_BOOL_CONVERSION = YES;
				CLANG_WARN_COMMA = YES;
				CLANG_WARN_CONSTANT_CONVERSION = YES;
				CLANG_WARN_DEPRECATED_OBJC_IMPLEMENTATIONS = YES;
				CLANG_WARN_DIRECT_OBJC_ISA_USAGE = YES_ERROR;
				CLANG_WARN_DOCUMENTATION_COMMENTS = YES;
				CLANG_WARN_EMPTY_BODY = YES;
				CLANG_WARN_ENUM_CONVERSION = YES;
				CLANG_WARN_INFINITE_RECURSION = YES;
				CLANG_WARN_INT_CONVERSION = YES;
				CLANG_WARN_NON_LITERAL_NULL_CONVERSION = YES;
				CLANG_WARN_OBJC_IMPLICIT_RETAIN_SELF = YES;
				CLANG_WARN_OBJC_LITERAL_CONVERSION = YES;
				CLANG_WARN_OBJC_ROOT_CLASS = YES_ERROR;
				CLANG_WARN_RANGE_LOOP_ANALYSIS = YES;
				CLANG_WARN_STRICT_PROTOTYPES = YES;
				CLANG_WARN_SUSPICIOUS_MOVE = YES;
				CLANG_WARN_UNGUARDED_AVAILABILITY = YES_AGGRESSIVE;
				CLANG_WARN_UNREACHABLE_CODE = YES;
				CLANG_WARN__DUPLICATE_METHOD_MATCH = YES;
				COPY_PHASE_STRIP = NO;
				DEBUG_INFORMATION_FORMAT = "dwarf-with-dsym";
				ENABLE_NS_ASSERTIONS = NO;
				ENABLE_STRICT_OBJC_MSGSEND = YES;
				GCC_C_LANGUAGE_STANDARD = gnu11;
				GCC_NO_COMMON_BLOCKS = YES;
				GCC_WARN_64_TO_32_BIT_CONVERSION = YES;
				GCC_WARN_ABOUT_RETURN_TYPE = YES_ERROR;
				GCC_WARN_UNDECLARED_SELECTOR = YES;
				GCC_WARN_UNINITIALIZED_AUTOS = YES_AGGRESSIVE;
				GCC_WARN_UNUSED_FUNCTION = YES;
				GCC_WARN_UNUSED_VARIABLE = YES;
				IPHONEOS_DEPLOYMENT_TARGET = 13.5;
				MTL_ENABLE_DEBUG_INFO = NO;
				MTL_FAST_MATH = YES;
				SDKROOT = iphoneos;
				SWIFT_COMPILATION_MODE = wholemodule;
				SWIFT_OPTIMIZATION_LEVEL = "-O";
				VALIDATE_PRODUCT = YES;
			};
			name = Release;
		};
		E482C6AC24A16FCD000213D2 /* Debug */ = {
			isa = XCBuildConfiguration;
			buildSettings = {
				ASSETCATALOG_COMPILER_APPICON_NAME = AppIcon;
				CODE_SIGN_STYLE = Automatic;
				DEVELOPMENT_ASSET_PATHS = "\"AlpacaBarberShop/Preview Content\"";
				DEVELOPMENT_TEAM = 9CHSEMW6LK;
				ENABLE_PREVIEWS = YES;
				INFOPLIST_FILE = AlpacaBarberShop/Info.plist;
				LD_RUNPATH_SEARCH_PATHS = (
					"$(inherited)",
					"@executable_path/Frameworks",
				);
				PRODUCT_BUNDLE_IDENTIFIER = Octo.AlpacaBarberShop;
				PRODUCT_NAME = "$(TARGET_NAME)";
				SWIFT_VERSION = 5.0;
				TARGETED_DEVICE_FAMILY = "1,2";
			};
			name = Debug;
		};
		E482C6AD24A16FCD000213D2 /* Release */ = {
			isa = XCBuildConfiguration;
			buildSettings = {
				ASSETCATALOG_COMPILER_APPICON_NAME = AppIcon;
				CODE_SIGN_STYLE = Automatic;
				DEVELOPMENT_ASSET_PATHS = "\"AlpacaBarberShop/Preview Content\"";
				DEVELOPMENT_TEAM = 9CHSEMW6LK;
				ENABLE_PREVIEWS = YES;
				INFOPLIST_FILE = AlpacaBarberShop/Info.plist;
				LD_RUNPATH_SEARCH_PATHS = (
					"$(inherited)",
					"@executable_path/Frameworks",
				);
				PRODUCT_BUNDLE_IDENTIFIER = Octo.AlpacaBarberShop;
				PRODUCT_NAME = "$(TARGET_NAME)";
				SWIFT_VERSION = 5.0;
				TARGETED_DEVICE_FAMILY = "1,2";
			};
			name = Release;
		};
/* End XCBuildConfiguration section */

/* Begin XCConfigurationList section */
		E482C69224A16FC7000213D2 /* Build configuration list for PBXProject "AlpacaBarberShop" */ = {
			isa = XCConfigurationList;
			buildConfigurations = (
				E482C6A924A16FCD000213D2 /* Debug */,
				E482C6AA24A16FCD000213D2 /* Release */,
			);
			defaultConfigurationIsVisible = 0;
			defaultConfigurationName = Release;
		};
		E482C6AB24A16FCD000213D2 /* Build configuration list for PBXNativeTarget "AlpacaBarberShop" */ = {
			isa = XCConfigurationList;
			buildConfigurations = (
				E482C6AC24A16FCD000213D2 /* Debug */,
				E482C6AD24A16FCD000213D2 /* Release */,
			);
			defaultConfigurationIsVisible = 0;
			defaultConfigurationName = Release;
		};
/* End XCConfigurationList section */
	};
	rootObject = E482C68F24A16FC6000213D2 /* Project object */;
}
